// !$*UTF8*$!
{
	archiveVersion = 1;
	classes = {
	};
	objectVersion = 55;
	objects = {

/* Begin PBXBuildFile section */
		E5205616277CA27200280D41 /* WidgetKit.framework in Frameworks */ = {isa = PBXBuildFile; fileRef = E5205615277CA27200280D41 /* WidgetKit.framework */; };
		E5205618277CA27200280D41 /* SwiftUI.framework in Frameworks */ = {isa = PBXBuildFile; fileRef = E5205617277CA27200280D41 /* SwiftUI.framework */; };
		E520561B277CA27200280D41 /* New_Year.swift in Sources */ = {isa = PBXBuildFile; fileRef = E520561A277CA27200280D41 /* New_Year.swift */; };
		E520561E277CA27500280D41 /* Assets.xcassets in Resources */ = {isa = PBXBuildFile; fileRef = E520561D277CA27500280D41 /* Assets.xcassets */; };
		E5205620277CA27500280D41 /* New_Year.intentdefinition in Sources */ = {isa = PBXBuildFile; fileRef = E520561C277CA27200280D41 /* New_Year.intentdefinition */; };
		E5205621277CA27500280D41 /* New_Year.intentdefinition in Sources */ = {isa = PBXBuildFile; fileRef = E520561C277CA27200280D41 /* New_Year.intentdefinition */; };
		E5205624277CA27500280D41 /* New YearExtension.appex in Embed App Extensions */ = {isa = PBXBuildFile; fileRef = E5205613277CA27200280D41 /* New YearExtension.appex */; settings = {ATTRIBUTES = (RemoveHeadersOnCopy, ); }; };
		E522BCEC274D1BD200EC2EB3 /* HourglassView.swift in Sources */ = {isa = PBXBuildFile; fileRef = E522BCEB274D1BD000EC2EB3 /* HourglassView.swift */; };
		E522BCEE274D1E0A00EC2EB3 /* SettingView.swift in Sources */ = {isa = PBXBuildFile; fileRef = E522BCED274D1E0A00EC2EB3 /* SettingView.swift */; };
		E522BCF0274E733400EC2EB3 /* DateView.swift in Sources */ = {isa = PBXBuildFile; fileRef = E522BCEF274E733300EC2EB3 /* DateView.swift */; };
		E522BCF2274E744B00EC2EB3 /* CalendarView.swift in Sources */ = {isa = PBXBuildFile; fileRef = E522BCF1274E744B00EC2EB3 /* CalendarView.swift */; };
		E522BCF4274E7B3A00EC2EB3 /* DayView.swift in Sources */ = {isa = PBXBuildFile; fileRef = E522BCF3274E7B3A00EC2EB3 /* DayView.swift */; };
		E567792B274132C90040FEF0 /* hourglassApp.swift in Sources */ = {isa = PBXBuildFile; fileRef = E567792A274132C90040FEF0 /* hourglassApp.swift */; };
		E567792D274132C90040FEF0 /* ContentView.swift in Sources */ = {isa = PBXBuildFile; fileRef = E567792C274132C90040FEF0 /* ContentView.swift */; };
		E567792F274132CD0040FEF0 /* Assets.xcassets in Resources */ = {isa = PBXBuildFile; fileRef = E567792E274132CD0040FEF0 /* Assets.xcassets */; };
		E5677932274132CD0040FEF0 /* Preview Assets.xcassets in Resources */ = {isa = PBXBuildFile; fileRef = E5677931274132CD0040FEF0 /* Preview Assets.xcassets */; };
		E5677934274132CD0040FEF0 /* Persistence.swift in Sources */ = {isa = PBXBuildFile; fileRef = E5677933274132CD0040FEF0 /* Persistence.swift */; };
		E5677937274132CD0040FEF0 /* hourglass.xcdatamodeld in Sources */ = {isa = PBXBuildFile; fileRef = E5677935274132CD0040FEF0 /* hourglass.xcdatamodeld */; };
		E567793E2741436C0040FEF0 /* CardView.swift in Sources */ = {isa = PBXBuildFile; fileRef = E567793D2741436B0040FEF0 /* CardView.swift */; };
		E5677940274150280040FEF0 /* TaskTypeView.swift in Sources */ = {isa = PBXBuildFile; fileRef = E567793F274150270040FEF0 /* TaskTypeView.swift */; };
		E581E3692755121300021659 /* Month.swift in Sources */ = {isa = PBXBuildFile; fileRef = E581E3682755121300021659 /* Month.swift */; };
		E581E37127551A1600021659 /* hourglassTests.swift in Sources */ = {isa = PBXBuildFile; fileRef = E581E37027551A1600021659 /* hourglassTests.swift */; };
		E581E37827551A5E00021659 /* MonthTests.swift in Sources */ = {isa = PBXBuildFile; fileRef = E581E37727551A5E00021659 /* MonthTests.swift */; };
		E587EDE1275E465500CA80A1 /* CalendarVM.swift in Sources */ = {isa = PBXBuildFile; fileRef = E587EDE0275E465500CA80A1 /* CalendarVM.swift */; };
		E587EDE327662E9D00CA80A1 /* UnVipView.swift in Sources */ = {isa = PBXBuildFile; fileRef = E587EDE227662E9D00CA80A1 /* UnVipView.swift */; };
		E587EDE52766317C00CA80A1 /* PurchaseView.swift in Sources */ = {isa = PBXBuildFile; fileRef = E587EDE42766317C00CA80A1 /* PurchaseView.swift */; };
		E587EDE7276789AC00CA80A1 /* SettingLinkView.swift in Sources */ = {isa = PBXBuildFile; fileRef = E587EDE6276789AC00CA80A1 /* SettingLinkView.swift */; };
/* End PBXBuildFile section */

/* Begin PBXContainerItemProxy section */
		E5205622277CA27500280D41 /* PBXContainerItemProxy */ = {
			isa = PBXContainerItemProxy;
			containerPortal = E567791F274132C90040FEF0 /* Project object */;
			proxyType = 1;
			remoteGlobalIDString = E5205612277CA27200280D41;
			remoteInfo = "New YearExtension";
		};
		E581E37227551A1600021659 /* PBXContainerItemProxy */ = {
			isa = PBXContainerItemProxy;
			containerPortal = E567791F274132C90040FEF0 /* Project object */;
			proxyType = 1;
			remoteGlobalIDString = E5677926274132C90040FEF0;
			remoteInfo = hourglass;
		};
/* End PBXContainerItemProxy section */

/* Begin PBXCopyFilesBuildPhase section */
		E5205625277CA27500280D41 /* Embed App Extensions */ = {
			isa = PBXCopyFilesBuildPhase;
			buildActionMask = 2147483647;
			dstPath = "";
			dstSubfolderSpec = 13;
			files = (
				E5205624277CA27500280D41 /* New YearExtension.appex in Embed App Extensions */,
			);
			name = "Embed App Extensions";
			runOnlyForDeploymentPostprocessing = 0;
		};
/* End PBXCopyFilesBuildPhase section */

/* Begin PBXFileReference section */
		E5205613277CA27200280D41 /* New YearExtension.appex */ = {isa = PBXFileReference; explicitFileType = "wrapper.app-extension"; includeInIndex = 0; path = "New YearExtension.appex"; sourceTree = BUILT_PRODUCTS_DIR; };
		E5205615277CA27200280D41 /* WidgetKit.framework */ = {isa = PBXFileReference; lastKnownFileType = wrapper.framework; name = WidgetKit.framework; path = System/Library/Frameworks/WidgetKit.framework; sourceTree = SDKROOT; };
		E5205617277CA27200280D41 /* SwiftUI.framework */ = {isa = PBXFileReference; lastKnownFileType = wrapper.framework; name = SwiftUI.framework; path = System/Library/Frameworks/SwiftUI.framework; sourceTree = SDKROOT; };
		E520561A277CA27200280D41 /* New_Year.swift */ = {isa = PBXFileReference; lastKnownFileType = sourcecode.swift; path = New_Year.swift; sourceTree = "<group>"; };
		E520561C277CA27200280D41 /* New_Year.intentdefinition */ = {isa = PBXFileReference; lastKnownFileType = file.intentdefinition; path = New_Year.intentdefinition; sourceTree = "<group>"; };
		E520561D277CA27500280D41 /* Assets.xcassets */ = {isa = PBXFileReference; lastKnownFileType = folder.assetcatalog; path = Assets.xcassets; sourceTree = "<group>"; };
		E520561F277CA27500280D41 /* Info.plist */ = {isa = PBXFileReference; lastKnownFileType = text.plist.xml; path = Info.plist; sourceTree = "<group>"; };
		E522BCEB274D1BD000EC2EB3 /* HourglassView.swift */ = {isa = PBXFileReference; lastKnownFileType = sourcecode.swift; path = HourglassView.swift; sourceTree = "<group>"; };
		E522BCED274D1E0A00EC2EB3 /* SettingView.swift */ = {isa = PBXFileReference; lastKnownFileType = sourcecode.swift; path = SettingView.swift; sourceTree = "<group>"; };
		E522BCEF274E733300EC2EB3 /* DateView.swift */ = {isa = PBXFileReference; lastKnownFileType = sourcecode.swift; path = DateView.swift; sourceTree = "<group>"; };
		E522BCF1274E744B00EC2EB3 /* CalendarView.swift */ = {isa = PBXFileReference; lastKnownFileType = sourcecode.swift; path = CalendarView.swift; sourceTree = "<group>"; };
		E522BCF3274E7B3A00EC2EB3 /* DayView.swift */ = {isa = PBXFileReference; lastKnownFileType = sourcecode.swift; path = DayView.swift; sourceTree = "<group>"; };
		E5677927274132C90040FEF0 /* hourglass.app */ = {isa = PBXFileReference; explicitFileType = wrapper.application; includeInIndex = 0; path = hourglass.app; sourceTree = BUILT_PRODUCTS_DIR; };
		E567792A274132C90040FEF0 /* hourglassApp.swift */ = {isa = PBXFileReference; lastKnownFileType = sourcecode.swift; path = hourglassApp.swift; sourceTree = "<group>"; };
		E567792C274132C90040FEF0 /* ContentView.swift */ = {isa = PBXFileReference; lastKnownFileType = sourcecode.swift; path = ContentView.swift; sourceTree = "<group>"; };
		E567792E274132CD0040FEF0 /* Assets.xcassets */ = {isa = PBXFileReference; lastKnownFileType = folder.assetcatalog; path = Assets.xcassets; sourceTree = "<group>"; };
		E5677931274132CD0040FEF0 /* Preview Assets.xcassets */ = {isa = PBXFileReference; lastKnownFileType = folder.assetcatalog; path = "Preview Assets.xcassets"; sourceTree = "<group>"; };
		E5677933274132CD0040FEF0 /* Persistence.swift */ = {isa = PBXFileReference; lastKnownFileType = sourcecode.swift; path = Persistence.swift; sourceTree = "<group>"; };
		E5677936274132CD0040FEF0 /* hourglass.xcdatamodel */ = {isa = PBXFileReference; lastKnownFileType = wrapper.xcdatamodel; path = hourglass.xcdatamodel; sourceTree = "<group>"; };
		E567793D2741436B0040FEF0 /* CardView.swift */ = {isa = PBXFileReference; lastKnownFileType = sourcecode.swift; path = CardView.swift; sourceTree = "<group>"; };
		E567793F274150270040FEF0 /* TaskTypeView.swift */ = {isa = PBXFileReference; lastKnownFileType = sourcecode.swift; path = TaskTypeView.swift; sourceTree = "<group>"; };
		E581E3682755121300021659 /* Month.swift */ = {isa = PBXFileReference; lastKnownFileType = sourcecode.swift; path = Month.swift; sourceTree = "<group>"; };
		E581E36E27551A1600021659 /* hourglassTests.xctest */ = {isa = PBXFileReference; explicitFileType = wrapper.cfbundle; includeInIndex = 0; path = hourglassTests.xctest; sourceTree = BUILT_PRODUCTS_DIR; };
		E581E37027551A1600021659 /* hourglassTests.swift */ = {isa = PBXFileReference; lastKnownFileType = sourcecode.swift; path = hourglassTests.swift; sourceTree = "<group>"; };
		E581E37727551A5E00021659 /* MonthTests.swift */ = {isa = PBXFileReference; lastKnownFileType = sourcecode.swift; path = MonthTests.swift; sourceTree = "<group>"; };
		E587EDE0275E465500CA80A1 /* CalendarVM.swift */ = {isa = PBXFileReference; lastKnownFileType = sourcecode.swift; path = CalendarVM.swift; sourceTree = "<group>"; };
		E587EDE227662E9D00CA80A1 /* UnVipView.swift */ = {isa = PBXFileReference; lastKnownFileType = sourcecode.swift; path = UnVipView.swift; sourceTree = "<group>"; };
		E587EDE42766317C00CA80A1 /* PurchaseView.swift */ = {isa = PBXFileReference; lastKnownFileType = sourcecode.swift; path = PurchaseView.swift; sourceTree = "<group>"; };
		E587EDE6276789AC00CA80A1 /* SettingLinkView.swift */ = {isa = PBXFileReference; lastKnownFileType = sourcecode.swift; path = SettingLinkView.swift; sourceTree = "<group>"; };
/* End PBXFileReference section */

/* Begin PBXFrameworksBuildPhase section */
		E5205610277CA27200280D41 /* Frameworks */ = {
			isa = PBXFrameworksBuildPhase;
			buildActionMask = 2147483647;
			files = (
				E5205618277CA27200280D41 /* SwiftUI.framework in Frameworks */,
				E5205616277CA27200280D41 /* WidgetKit.framework in Frameworks */,
			);
			runOnlyForDeploymentPostprocessing = 0;
		};
		E5677924274132C90040FEF0 /* Frameworks */ = {
			isa = PBXFrameworksBuildPhase;
			buildActionMask = 2147483647;
			files = (
			);
			runOnlyForDeploymentPostprocessing = 0;
		};
		E581E36B27551A1600021659 /* Frameworks */ = {
			isa = PBXFrameworksBuildPhase;
			buildActionMask = 2147483647;
			files = (
			);
			runOnlyForDeploymentPostprocessing = 0;
		};
/* End PBXFrameworksBuildPhase section */

/* Begin PBXGroup section */
		E5205614277CA27200280D41 /* Frameworks */ = {
			isa = PBXGroup;
			children = (
				E5205615277CA27200280D41 /* WidgetKit.framework */,
				E5205617277CA27200280D41 /* SwiftUI.framework */,
			);
			name = Frameworks;
			sourceTree = "<group>";
		};
		E5205619277CA27200280D41 /* New Year */ = {
			isa = PBXGroup;
			children = (
				E520561A277CA27200280D41 /* New_Year.swift */,
				E520561C277CA27200280D41 /* New_Year.intentdefinition */,
				E520561D277CA27500280D41 /* Assets.xcassets */,
				E520561F277CA27500280D41 /* Info.plist */,
			);
			path = "New Year";
			sourceTree = "<group>";
		};
		E55900D72759000A004EC249 /* lib */ = {
			isa = PBXGroup;
			children = (
				E581E3682755121300021659 /* Month.swift */,
			);
			name = lib;
			sourceTree = "<group>";
		};
		E567791E274132C90040FEF0 = {
			isa = PBXGroup;
			children = (
				E5677929274132C90040FEF0 /* hourglass */,
				E581E36F27551A1600021659 /* hourglassTests */,
				E5205619277CA27200280D41 /* New Year */,
				E5205614277CA27200280D41 /* Frameworks */,
				E5677928274132C90040FEF0 /* Products */,
			);
			sourceTree = "<group>";
		};
		E5677928274132C90040FEF0 /* Products */ = {
			isa = PBXGroup;
			children = (
				E5677927274132C90040FEF0 /* hourglass.app */,
				E581E36E27551A1600021659 /* hourglassTests.xctest */,
				E5205613277CA27200280D41 /* New YearExtension.appex */,
			);
			name = Products;
			sourceTree = "<group>";
		};
		E5677929274132C90040FEF0 /* hourglass */ = {
			isa = PBXGroup;
			children = (
				E587EDDF275E431800CA80A1 /* ViewComponets */,
				E55900D72759000A004EC249 /* lib */,
				E567792A274132C90040FEF0 /* hourglassApp.swift */,
				E567792C274132C90040FEF0 /* ContentView.swift */,
				E567792E274132CD0040FEF0 /* Assets.xcassets */,
				E5677933274132CD0040FEF0 /* Persistence.swift */,
				E5677935274132CD0040FEF0 /* hourglass.xcdatamodeld */,
				E5677930274132CD0040FEF0 /* Preview Content */,
				E567793D2741436B0040FEF0 /* CardView.swift */,
				E567793F274150270040FEF0 /* TaskTypeView.swift */,
				E522BCEB274D1BD000EC2EB3 /* HourglassView.swift */,
				E522BCED274D1E0A00EC2EB3 /* SettingView.swift */,
				E522BCEF274E733300EC2EB3 /* DateView.swift */,
				E522BCF1274E744B00EC2EB3 /* CalendarView.swift */,
				E587EDE0275E465500CA80A1 /* CalendarVM.swift */,
			);
			path = hourglass;
			sourceTree = "<group>";
		};
		E5677930274132CD0040FEF0 /* Preview Content */ = {
			isa = PBXGroup;
			children = (
				E5677931274132CD0040FEF0 /* Preview Assets.xcassets */,
			);
			path = "Preview Content";
			sourceTree = "<group>";
		};
		E581E36F27551A1600021659 /* hourglassTests */ = {
			isa = PBXGroup;
			children = (
				E581E37027551A1600021659 /* hourglassTests.swift */,
				E581E37727551A5E00021659 /* MonthTests.swift */,
			);
			path = hourglassTests;
			sourceTree = "<group>";
		};
		E587EDDF275E431800CA80A1 /* ViewComponets */ = {
			isa = PBXGroup;
			children = (
				E522BCF3274E7B3A00EC2EB3 /* DayView.swift */,
				E587EDE227662E9D00CA80A1 /* UnVipView.swift */,
				E587EDE42766317C00CA80A1 /* PurchaseView.swift */,
				E587EDE6276789AC00CA80A1 /* SettingLinkView.swift */,
			);
			path = ViewComponets;
			sourceTree = "<group>";
		};
/* End PBXGroup section */

/* Begin PBXNativeTarget section */
		E5205612277CA27200280D41 /* New YearExtension */ = {
			isa = PBXNativeTarget;
			buildConfigurationList = E5205628277CA27500280D41 /* Build configuration list for PBXNativeTarget "New YearExtension" */;
			buildPhases = (
				E520560F277CA27200280D41 /* Sources */,
				E5205610277CA27200280D41 /* Frameworks */,
				E5205611277CA27200280D41 /* Resources */,
			);
			buildRules = (
			);
			dependencies = (
			);
			name = "New YearExtension";
			productName = "New YearExtension";
			productReference = E5205613277CA27200280D41 /* New YearExtension.appex */;
			productType = "com.apple.product-type.app-extension";
		};
		E5677926274132C90040FEF0 /* hourglass */ = {
			isa = PBXNativeTarget;
			buildConfigurationList = E567793A274132CD0040FEF0 /* Build configuration list for PBXNativeTarget "hourglass" */;
			buildPhases = (
				E5677923274132C90040FEF0 /* Sources */,
				E5677924274132C90040FEF0 /* Frameworks */,
				E5677925274132C90040FEF0 /* Resources */,
				E5205625277CA27500280D41 /* Embed App Extensions */,
			);
			buildRules = (
			);
			dependencies = (
				E5205623277CA27500280D41 /* PBXTargetDependency */,
			);
			name = hourglass;
			productName = hourglass;
			productReference = E5677927274132C90040FEF0 /* hourglass.app */;
			productType = "com.apple.product-type.application";
		};
		E581E36D27551A1600021659 /* hourglassTests */ = {
			isa = PBXNativeTarget;
			buildConfigurationList = E581E37427551A1600021659 /* Build configuration list for PBXNativeTarget "hourglassTests" */;
			buildPhases = (
				E581E36A27551A1600021659 /* Sources */,
				E581E36B27551A1600021659 /* Frameworks */,
				E581E36C27551A1600021659 /* Resources */,
			);
			buildRules = (
			);
			dependencies = (
				E581E37327551A1600021659 /* PBXTargetDependency */,
			);
			name = hourglassTests;
			productName = hourglassTests;
			productReference = E581E36E27551A1600021659 /* hourglassTests.xctest */;
			productType = "com.apple.product-type.bundle.unit-test";
		};
/* End PBXNativeTarget section */

/* Begin PBXProject section */
		E567791F274132C90040FEF0 /* Project object */ = {
			isa = PBXProject;
			attributes = {
				BuildIndependentTargetsInParallel = 1;
				LastSwiftUpdateCheck = 1320;
				LastUpgradeCheck = 1310;
				TargetAttributes = {
					E5205612277CA27200280D41 = {
						CreatedOnToolsVersion = 13.2.1;
					};
					E5677926274132C90040FEF0 = {
						CreatedOnToolsVersion = 13.1;
					};
					E581E36D27551A1600021659 = {
						CreatedOnToolsVersion = 13.1;
						TestTargetID = E5677926274132C90040FEF0;
					};
				};
			};
			buildConfigurationList = E5677922274132C90040FEF0 /* Build configuration list for PBXProject "hourglass" */;
			compatibilityVersion = "Xcode 13.0";
			developmentRegion = en;
			hasScannedForEncodings = 0;
			knownRegions = (
				en,
				Base,
			);
			mainGroup = E567791E274132C90040FEF0;
			productRefGroup = E5677928274132C90040FEF0 /* Products */;
			projectDirPath = "";
			projectRoot = "";
			targets = (
				E5677926274132C90040FEF0 /* hourglass */,
				E581E36D27551A1600021659 /* hourglassTests */,
				E5205612277CA27200280D41 /* New YearExtension */,
			);
		};
/* End PBXProject section */

/* Begin PBXResourcesBuildPhase section */
		E5205611277CA27200280D41 /* Resources */ = {
			isa = PBXResourcesBuildPhase;
			buildActionMask = 2147483647;
			files = (
				E520561E277CA27500280D41 /* Assets.xcassets in Resources */,
			);
			runOnlyForDeploymentPostprocessing = 0;
		};
		E5677925274132C90040FEF0 /* Resources */ = {
			isa = PBXResourcesBuildPhase;
			buildActionMask = 2147483647;
			files = (
				E5677932274132CD0040FEF0 /* Preview Assets.xcassets in Resources */,
				E567792F274132CD0040FEF0 /* Assets.xcassets in Resources */,
			);
			runOnlyForDeploymentPostprocessing = 0;
		};
		E581E36C27551A1600021659 /* Resources */ = {
			isa = PBXResourcesBuildPhase;
			buildActionMask = 2147483647;
			files = (
			);
			runOnlyForDeploymentPostprocessing = 0;
		};
/* End PBXResourcesBuildPhase section */

/* Begin PBXSourcesBuildPhase section */
		E520560F277CA27200280D41 /* Sources */ = {
			isa = PBXSourcesBuildPhase;
			buildActionMask = 2147483647;
			files = (
				E5205620277CA27500280D41 /* New_Year.intentdefinition in Sources */,
				E520561B277CA27200280D41 /* New_Year.swift in Sources */,
			);
			runOnlyForDeploymentPostprocessing = 0;
		};
		E5677923274132C90040FEF0 /* Sources */ = {
			isa = PBXSourcesBuildPhase;
			buildActionMask = 2147483647;
			files = (
				E522BCF2274E744B00EC2EB3 /* CalendarView.swift in Sources */,
				E587EDE327662E9D00CA80A1 /* UnVipView.swift in Sources */,
				E522BCF4274E7B3A00EC2EB3 /* DayView.swift in Sources */,
				E587EDE52766317C00CA80A1 /* PurchaseView.swift in Sources */,
				E5677934274132CD0040FEF0 /* Persistence.swift in Sources */,
				E567792D274132C90040FEF0 /* ContentView.swift in Sources */,
				E5677937274132CD0040FEF0 /* hourglass.xcdatamodeld in Sources */,
				E587EDE7276789AC00CA80A1 /* SettingLinkView.swift in Sources */,
				E5205621277CA27500280D41 /* New_Year.intentdefinition in Sources */,
				E587EDE1275E465500CA80A1 /* CalendarVM.swift in Sources */,
				E5677940274150280040FEF0 /* TaskTypeView.swift in Sources */,
				E522BCEC274D1BD200EC2EB3 /* HourglassView.swift in Sources */,
				E581E3692755121300021659 /* Month.swift in Sources */,
				E522BCEE274D1E0A00EC2EB3 /* SettingView.swift in Sources */,
				E522BCF0274E733400EC2EB3 /* DateView.swift in Sources */,
				E567792B274132C90040FEF0 /* hourglassApp.swift in Sources */,
				E567793E2741436C0040FEF0 /* CardView.swift in Sources */,
			);
			runOnlyForDeploymentPostprocessing = 0;
		};
		E581E36A27551A1600021659 /* Sources */ = {
			isa = PBXSourcesBuildPhase;
			buildActionMask = 2147483647;
			files = (
				E581E37127551A1600021659 /* hourglassTests.swift in Sources */,
				E581E37827551A5E00021659 /* MonthTests.swift in Sources */,
			);
			runOnlyForDeploymentPostprocessing = 0;
		};
/* End PBXSourcesBuildPhase section */

/* Begin PBXTargetDependency section */
		E5205623277CA27500280D41 /* PBXTargetDependency */ = {
			isa = PBXTargetDependency;
			target = E5205612277CA27200280D41 /* New YearExtension */;
			targetProxy = E5205622277CA27500280D41 /* PBXContainerItemProxy */;
		};
		E581E37327551A1600021659 /* PBXTargetDependency */ = {
			isa = PBXTargetDependency;
			target = E5677926274132C90040FEF0 /* hourglass */;
			targetProxy = E581E37227551A1600021659 /* PBXContainerItemProxy */;
		};
/* End PBXTargetDependency section */

/* Begin XCBuildConfiguration section */
		E5205626277CA27500280D41 /* Debug */ = {
			isa = XCBuildConfiguration;
			buildSettings = {
				ASSETCATALOG_COMPILER_GLOBAL_ACCENT_COLOR_NAME = AccentColor;
				ASSETCATALOG_COMPILER_WIDGET_BACKGROUND_COLOR_NAME = WidgetBackground;
				CODE_SIGN_STYLE = Automatic;
				CURRENT_PROJECT_VERSION = 1;
				DEVELOPMENT_TEAM = US33857E6U;
				GENERATE_INFOPLIST_FILE = YES;
				INFOPLIST_FILE = "New Year/Info.plist";
				INFOPLIST_KEY_CFBundleDisplayName = "New Year";
				INFOPLIST_KEY_NSHumanReadableCopyright = "";
				IPHONEOS_DEPLOYMENT_TARGET = 15.2;
				LD_RUNPATH_SEARCH_PATHS = (
					"$(inherited)",
					"@executable_path/Frameworks",
					"@executable_path/../../Frameworks",
				);
				MARKETING_VERSION = 1.0;
				PRODUCT_BUNDLE_IDENTIFIER = "com.kingzcheung.hourglass.New-Year";
				PRODUCT_NAME = "$(TARGET_NAME)";
				SKIP_INSTALL = YES;
				SWIFT_EMIT_LOC_STRINGS = YES;
				SWIFT_VERSION = 5.0;
				TARGETED_DEVICE_FAMILY = "1,2";
			};
			name = Debug;
		};
		E5205627277CA27500280D41 /* Release */ = {
			isa = XCBuildConfiguration;
			buildSettings = {
				ASSETCATALOG_COMPILER_GLOBAL_ACCENT_COLOR_NAME = AccentColor;
				ASSETCATALOG_COMPILER_WIDGET_BACKGROUND_COLOR_NAME = WidgetBackground;
				CODE_SIGN_STYLE = Automatic;
				CURRENT_PROJECT_VERSION = 1;
				DEVELOPMENT_TEAM = US33857E6U;
				GENERATE_INFOPLIST_FILE = YES;
				INFOPLIST_FILE = "New Year/Info.plist";
				INFOPLIST_KEY_CFBundleDisplayName = "New Year";
				INFOPLIST_KEY_NSHumanReadableCopyright = "";
				IPHONEOS_DEPLOYMENT_TARGET = 15.2;
				LD_RUNPATH_SEARCH_PATHS = (
					"$(inherited)",
					"@executable_path/Frameworks",
					"@executable_path/../../Frameworks",
				);
				MARKETING_VERSION = 1.0;
				PRODUCT_BUNDLE_IDENTIFIER = "com.kingzcheung.hourglass.New-Year";
				PRODUCT_NAME = "$(TARGET_NAME)";
				SKIP_INSTALL = YES;
				SWIFT_EMIT_LOC_STRINGS = YES;
				SWIFT_VERSION = 5.0;
				TARGETED_DEVICE_FAMILY = "1,2";
			};
			name = Release;
		};
		E5677938274132CD0040FEF0 /* Debug */ = {
			isa = XCBuildConfiguration;
			buildSettings = {
				ALWAYS_SEARCH_USER_PATHS = NO;
				CLANG_ANALYZER_NONNULL = YES;
				CLANG_ANALYZER_NUMBER_OBJECT_CONVERSION = YES_AGGRESSIVE;
				CLANG_CXX_LANGUAGE_STANDARD = "gnu++17";
				CLANG_CXX_LIBRARY = "libc++";
				CLANG_ENABLE_MODULES = YES;
				CLANG_ENABLE_OBJC_ARC = YES;
				CLANG_ENABLE_OBJC_WEAK = YES;
				CLANG_WARN_BLOCK_CAPTURE_AUTORELEASING = YES;
				CLANG_WARN_BOOL_CONVERSION = YES;
				CLANG_WARN_COMMA = YES;
				CLANG_WARN_CONSTANT_CONVERSION = YES;
				CLANG_WARN_DEPRECATED_OBJC_IMPLEMENTATIONS = YES;
				CLANG_WARN_DIRECT_OBJC_ISA_USAGE = YES_ERROR;
				CLANG_WARN_DOCUMENTATION_COMMENTS = YES;
				CLANG_WARN_EMPTY_BODY = YES;
				CLANG_WARN_ENUM_CONVERSION = YES;
				CLANG_WARN_INFINITE_RECURSION = YES;
				CLANG_WARN_INT_CONVERSION = YES;
				CLANG_WARN_NON_LITERAL_NULL_CONVERSION = YES;
				CLANG_WARN_OBJC_IMPLICIT_RETAIN_SELF = YES;
				CLANG_WARN_OBJC_LITERAL_CONVERSION = YES;
				CLANG_WARN_OBJC_ROOT_CLASS = YES_ERROR;
				CLANG_WARN_QUOTED_INCLUDE_IN_FRAMEWORK_HEADER = YES;
				CLANG_WARN_RANGE_LOOP_ANALYSIS = YES;
				CLANG_WARN_STRICT_PROTOTYPES = YES;
				CLANG_WARN_SUSPICIOUS_MOVE = YES;
				CLANG_WARN_UNGUARDED_AVAILABILITY = YES_AGGRESSIVE;
				CLANG_WARN_UNREACHABLE_CODE = YES;
				CLANG_WARN__DUPLICATE_METHOD_MATCH = YES;
				COPY_PHASE_STRIP = NO;
				DEBUG_INFORMATION_FORMAT = dwarf;
				ENABLE_STRICT_OBJC_MSGSEND = YES;
				ENABLE_TESTABILITY = YES;
				GCC_C_LANGUAGE_STANDARD = gnu11;
				GCC_DYNAMIC_NO_PIC = NO;
				GCC_NO_COMMON_BLOCKS = YES;
				GCC_OPTIMIZATION_LEVEL = 0;
				GCC_PREPROCESSOR_DEFINITIONS = (
					"DEBUG=1",
					"$(inherited)",
				);
				GCC_WARN_64_TO_32_BIT_CONVERSION = YES;
				GCC_WARN_ABOUT_RETURN_TYPE = YES_ERROR;
				GCC_WARN_UNDECLARED_SELECTOR = YES;
				GCC_WARN_UNINITIALIZED_AUTOS = YES_AGGRESSIVE;
				GCC_WARN_UNUSED_FUNCTION = YES;
				GCC_WARN_UNUSED_VARIABLE = YES;
				IPHONEOS_DEPLOYMENT_TARGET = 15.0;
				MTL_ENABLE_DEBUG_INFO = INCLUDE_SOURCE;
				MTL_FAST_MATH = YES;
				ONLY_ACTIVE_ARCH = YES;
				SDKROOT = iphoneos;
				SWIFT_ACTIVE_COMPILATION_CONDITIONS = DEBUG;
				SWIFT_OPTIMIZATION_LEVEL = "-Onone";
			};
			name = Debug;
		};
		E5677939274132CD0040FEF0 /* Release */ = {
			isa = XCBuildConfiguration;
			buildSettings = {
				ALWAYS_SEARCH_USER_PATHS = NO;
				CLANG_ANALYZER_NONNULL = YES;
				CLANG_ANALYZER_NUMBER_OBJECT_CONVERSION = YES_AGGRESSIVE;
				CLANG_CXX_LANGUAGE_STANDARD = "gnu++17";
				CLANG_CXX_LIBRARY = "libc++";
				CLANG_ENABLE_MODULES = YES;
				CLANG_ENABLE_OBJC_ARC = YES;
				CLANG_ENABLE_OBJC_WEAK = YES;
				CLANG_WARN_BLOCK_CAPTURE_AUTORELEASING = YES;
				CLANG_WARN_BOOL_CONVERSION = YES;
				CLANG_WARN_COMMA = YES;
				CLANG_WARN_CONSTANT_CONVERSION = YES;
				CLANG_WARN_DEPRECATED_OBJC_IMPLEMENTATIONS = YES;
				CLANG_WARN_DIRECT_OBJC_ISA_USAGE = YES_ERROR;
				CLANG_WARN_DOCUMENTATION_COMMENTS = YES;
				CLANG_WARN_EMPTY_BODY = YES;
				CLANG_WARN_ENUM_CONVERSION = YES;
				CLANG_WARN_INFINITE_RECURSION = YES;
				CLANG_WARN_INT_CONVERSION = YES;
				CLANG_WARN_NON_LITERAL_NULL_CONVERSION = YES;
				CLANG_WARN_OBJC_IMPLICIT_RETAIN_SELF = YES;
				CLANG_WARN_OBJC_LITERAL_CONVERSION = YES;
				CLANG_WARN_OBJC_ROOT_CLASS = YES_ERROR;
				CLANG_WARN_QUOTED_INCLUDE_IN_FRAMEWORK_HEADER = YES;
				CLANG_WARN_RANGE_LOOP_ANALYSIS = YES;
				CLANG_WARN_STRICT_PROTOTYPES = YES;
				CLANG_WARN_SUSPICIOUS_MOVE = YES;
				CLANG_WARN_UNGUARDED_AVAILABILITY = YES_AGGRESSIVE;
				CLANG_WARN_UNREACHABLE_CODE = YES;
				CLANG_WARN__DUPLICATE_METHOD_MATCH = YES;
				COPY_PHASE_STRIP = NO;
				DEBUG_INFORMATION_FORMAT = "dwarf-with-dsym";
				ENABLE_NS_ASSERTIONS = NO;
				ENABLE_STRICT_OBJC_MSGSEND = YES;
				GCC_C_LANGUAGE_STANDARD = gnu11;
				GCC_NO_COMMON_BLOCKS = YES;
				GCC_WARN_64_TO_32_BIT_CONVERSION = YES;
				GCC_WARN_ABOUT_RETURN_TYPE = YES_ERROR;
				GCC_WARN_UNDECLARED_SELECTOR = YES;
				GCC_WARN_UNINITIALIZED_AUTOS = YES_AGGRESSIVE;
				GCC_WARN_UNUSED_FUNCTION = YES;
				GCC_WARN_UNUSED_VARIABLE = YES;
				IPHONEOS_DEPLOYMENT_TARGET = 15.0;
				MTL_ENABLE_DEBUG_INFO = NO;
				MTL_FAST_MATH = YES;
				SDKROOT = iphoneos;
				SWIFT_COMPILATION_MODE = wholemodule;
				SWIFT_OPTIMIZATION_LEVEL = "-O";
				VALIDATE_PRODUCT = YES;
			};
			name = Release;
		};
		E567793B274132CD0040FEF0 /* Debug */ = {
			isa = XCBuildConfiguration;
			buildSettings = {
				ALWAYS_EMBED_SWIFT_STANDARD_LIBRARIES = YES;
				ASSETCATALOG_COMPILER_APPICON_NAME = AppIcon;
				ASSETCATALOG_COMPILER_GLOBAL_ACCENT_COLOR_NAME = AccentColor;
				CODE_SIGN_STYLE = Automatic;
				CURRENT_PROJECT_VERSION = 1;
				DEVELOPMENT_ASSET_PATHS = "\"hourglass/Preview Content\"";
				DEVELOPMENT_TEAM = US33857E6U;
				ENABLE_PREVIEWS = YES;
				GENERATE_INFOPLIST_FILE = YES;
				INFOPLIST_KEY_UIApplicationSceneManifest_Generation = YES;
				INFOPLIST_KEY_UIApplicationSupportsIndirectInputEvents = YES;
				INFOPLIST_KEY_UILaunchScreen_Generation = YES;
				INFOPLIST_KEY_UISupportedInterfaceOrientations_iPad = "UIInterfaceOrientationPortrait UIInterfaceOrientationPortraitUpsideDown UIInterfaceOrientationLandscapeLeft UIInterfaceOrientationLandscapeRight";
				INFOPLIST_KEY_UISupportedInterfaceOrientations_iPhone = "UIInterfaceOrientationPortrait UIInterfaceOrientationLandscapeLeft UIInterfaceOrientationLandscapeRight";
				LD_RUNPATH_SEARCH_PATHS = (
					"$(inherited)",
					"@executable_path/Frameworks",
				);
				MARKETING_VERSION = 1.0;
				PRODUCT_BUNDLE_IDENTIFIER = com.kingzcheung.hourglass;
				PRODUCT_NAME = "$(TARGET_NAME)";
				SWIFT_EMIT_LOC_STRINGS = YES;
				SWIFT_VERSION = 5.0;
				TARGETED_DEVICE_FAMILY = "1,2";
			};
			name = Debug;
		};
		E567793C274132CD0040FEF0 /* Release */ = {
			isa = XCBuildConfiguration;
			buildSettings = {
				ALWAYS_EMBED_SWIFT_STANDARD_LIBRARIES = YES;
				ASSETCATALOG_COMPILER_APPICON_NAME = AppIcon;
				ASSETCATALOG_COMPILER_GLOBAL_ACCENT_COLOR_NAME = AccentColor;
				CODE_SIGN_STYLE = Automatic;
				CURRENT_PROJECT_VERSION = 1;
				DEVELOPMENT_ASSET_PATHS = "\"hourglass/Preview Content\"";
				DEVELOPMENT_TEAM = US33857E6U;
				ENABLE_PREVIEWS = YES;
				GENERATE_INFOPLIST_FILE = YES;
				INFOPLIST_KEY_UIApplicationSceneManifest_Generation = YES;
				INFOPLIST_KEY_UIApplicationSupportsIndirectInputEvents = YES;
				INFOPLIST_KEY_UILaunchScreen_Generation = YES;
				INFOPLIST_KEY_UISupportedInterfaceOrientations_iPad = "UIInterfaceOrientationPortrait UIInterfaceOrientationPortraitUpsideDown UIInterfaceOrientationLandscapeLeft UIInterfaceOrientationLandscapeRight";
				INFOPLIST_KEY_UISupportedInterfaceOrientations_iPhone = "UIInterfaceOrientationPortrait UIInterfaceOrientationLandscapeLeft UIInterfaceOrientationLandscapeRight";
				LD_RUNPATH_SEARCH_PATHS = (
					"$(inherited)",
					"@executable_path/Frameworks",
				);
				MARKETING_VERSION = 1.0;
				PRODUCT_BUNDLE_IDENTIFIER = com.kingzcheung.hourglass;
				PRODUCT_NAME = "$(TARGET_NAME)";
				SWIFT_EMIT_LOC_STRINGS = YES;
				SWIFT_VERSION = 5.0;
				TARGETED_DEVICE_FAMILY = "1,2";
			};
			name = Release;
		};
		E581E37527551A1600021659 /* Debug */ = {
			isa = XCBuildConfiguration;
			buildSettings = {
				BUNDLE_LOADER = "$(TEST_HOST)";
				CODE_SIGN_STYLE = Automatic;
				CURRENT_PROJECT_VERSION = 1;
				DEVELOPMENT_TEAM = US33857E6U;
				GENERATE_INFOPLIST_FILE = YES;
				LD_RUNPATH_SEARCH_PATHS = (
					"$(inherited)",
					"@executable_path/Frameworks",
					"@loader_path/Frameworks",
				);
				MARKETING_VERSION = 1.0;
				PRODUCT_BUNDLE_IDENTIFIER = com.kingzcheung.hourglassTests;
				PRODUCT_NAME = "$(TARGET_NAME)";
				SWIFT_EMIT_LOC_STRINGS = NO;
				SWIFT_VERSION = 5.0;
				TARGETED_DEVICE_FAMILY = "1,2";
				TEST_HOST = "$(BUILT_PRODUCTS_DIR)/hourglass.app/hourglass";
			};
			name = Debug;
		};
		E581E37627551A1600021659 /* Release */ = {
			isa = XCBuildConfiguration;
			buildSettings = {
				BUNDLE_LOADER = "$(TEST_HOST)";
				CODE_SIGN_STYLE = Automatic;
				CURRENT_PROJECT_VERSION = 1;
				DEVELOPMENT_TEAM = US33857E6U;
				GENERATE_INFOPLIST_FILE = YES;
				LD_RUNPATH_SEARCH_PATHS = (
					"$(inherited)",
					"@executable_path/Frameworks",
					"@loader_path/Frameworks",
				);
				MARKETING_VERSION = 1.0;
				PRODUCT_BUNDLE_IDENTIFIER = com.kingzcheung.hourglassTests;
				PRODUCT_NAME = "$(TARGET_NAME)";
				SWIFT_EMIT_LOC_STRINGS = NO;
				SWIFT_VERSION = 5.0;
				TARGETED_DEVICE_FAMILY = "1,2";
				TEST_HOST = "$(BUILT_PRODUCTS_DIR)/hourglass.app/hourglass";
			};
			name = Release;
		};
/* End XCBuildConfiguration section */

/* Begin XCConfigurationList section */
		E5205628277CA27500280D41 /* Build configuration list for PBXNativeTarget "New YearExtension" */ = {
			isa = XCConfigurationList;
			buildConfigurations = (
				E5205626277CA27500280D41 /* Debug */,
				E5205627277CA27500280D41 /* Release */,
			);
			defaultConfigurationIsVisible = 0;
			defaultConfigurationName = Release;
		};
		E5677922274132C90040FEF0 /* Build configuration list for PBXProject "hourglass" */ = {
			isa = XCConfigurationList;
			buildConfigurations = (
				E5677938274132CD0040FEF0 /* Debug */,
				E5677939274132CD0040FEF0 /* Release */,
			);
			defaultConfigurationIsVisible = 0;
			defaultConfigurationName = Release;
		};
		E567793A274132CD0040FEF0 /* Build configuration list for PBXNativeTarget "hourglass" */ = {
			isa = XCConfigurationList;
			buildConfigurations = (
				E567793B274132CD0040FEF0 /* Debug */,
				E567793C274132CD0040FEF0 /* Release */,
			);
			defaultConfigurationIsVisible = 0;
			defaultConfigurationName = Release;
		};
		E581E37427551A1600021659 /* Build configuration list for PBXNativeTarget "hourglassTests" */ = {
			isa = XCConfigurationList;
			buildConfigurations = (
				E581E37527551A1600021659 /* Debug */,
				E581E37627551A1600021659 /* Release */,
			);
			defaultConfigurationIsVisible = 0;
			defaultConfigurationName = Release;
		};
/* End XCConfigurationList section */

/* Begin XCVersionGroup section */
		E5677935274132CD0040FEF0 /* hourglass.xcdatamodeld */ = {
			isa = XCVersionGroup;
			children = (
				E5677936274132CD0040FEF0 /* hourglass.xcdatamodel */,
			);
			currentVersion = E5677936274132CD0040FEF0 /* hourglass.xcdatamodel */;
			path = hourglass.xcdatamodeld;
			sourceTree = "<group>";
			versionGroupType = wrapper.xcdatamodel;
		};
/* End XCVersionGroup section */
	};
	rootObject = E567791F274132C90040FEF0 /* Project object */;
}
